{
    "_readme": [
        "This file locks the dependencies of your project to a known state",
        "Read more about it at https://getcomposer.org/doc/01-basic-usage.md#composer-lock-the-lock-file",
        "This file is @generated automatically"
    ],
    "hash": "22f4bacab1f77616a35eb4e31ed4a36d",
    "content-hash": "21768df2a95c832eb95400ab47744ef4",
    "packages": [
        {
            "name": "minerva-framework/totalvoice-api",
            "version": "v0.2",
            "source": {
                "type": "git",
                "url": "https://github.com/minerva-framework/totalvoice-api.git",
                "reference": "acd15574c9977975b385ee2c836f55f636c01be7"
            },
            "dist": {
                "type": "zip",
                "url": "https://api.github.com/repos/minerva-framework/totalvoice-api/zipball/acd15574c9977975b385ee2c836f55f636c01be7",
                "reference": "acd15574c9977975b385ee2c836f55f636c01be7",
                "shasum": ""
            },
            "require-dev": {
                "phpunit/phpunit": "5.7.6"
            },
            "type": "library",
            "autoload": {
                "psr-4": {
                    "Minerva\\": "src"
                }
            },
            "notification-url": "https://packagist.org/downloads/",
            "license": [
                "proprietary"
            ],
            "authors": [
                {
                    "name": "Lucas A. de Araújo",
                    "email": "lucas@minervasistemas.com.br"
                }
            ],
            "description": "API para comunicação com o servidor do totalvoice",
            "time": "2017-01-23 13:02:14"
        },
        {
            "name": "twbs/bootstrap",
            "version": "v4.0.0",
            "source": {
                "type": "git",
                "url": "https://github.com/twbs/bootstrap.git",
                "reference": "8a628b943cf31ca0a002c08af661a95772480225"
            },
            "dist": {
                "type": "zip",
                "url": "https://api.github.com/repos/twbs/bootstrap/zipball/8a628b943cf31ca0a002c08af661a95772480225",
                "reference": "8a628b943cf31ca0a002c08af661a95772480225",
                "shasum": ""
            },
            "replace": {
                "twitter/bootstrap": "self.version"
            },
            "type": "library",
            "extra": {
                "branch-alias": {
                    "dev-master": "3.3.x-dev"
                }
            },
            "notification-url": "https://packagist.org/downloads/",
            "license": [
                "MIT"
            ],
            "authors": [
                {
                    "name": "Jacob Thornton",
                    "email": "jacobthornton@gmail.com"
                },
                {
                    "name": "Mark Otto",
                    "email": "markdotto@gmail.com"
                }
            ],
            "description": "The most popular front-end framework for developing responsive, mobile first projects on the web.",
            "homepage": "https://getbootstrap.com",
            "keywords": [
                "JS",
                "css",
                "framework",
                "front-end",
                "mobile-first",
                "responsive",
                "sass",
                "web"
            ],
            "time": "2018-01-18 18:29:48"
        }
    ],
    "packages-dev": [],
    "aliases": [],
    "minimum-stability": "stable",
    "stability-flags": [],
    "prefer-stable": false,
    "prefer-lowest": false,
    "platform": [],
    "platform-dev": []
}
